
Microsoft Visual Studio Solution File, Format Version 12.00
# Visual Studio 15
VisualStudioVersion = 15.0.27004.2010
MinimumVisualStudioVersion = 10.0.40219.1
Project("{2150E333-8FDC-42A3-9474-1A3956D46DE8}") = "src", "src", "{BDDADD09-D112-418E-8469-BC762EC09936}"
EndProject
Project("{2150E333-8FDC-42A3-9474-1A3956D46DE8}") = "tests", "tests", "{0170B742-C624-4C22-9DE1-2A93CF9C12D6}"
EndProject
Project("{FAE04EC0-301F-11D3-BF4B-00C04F79EFBC}") = "X.PagedList.Mvc4", "src\X.PagedList.Mvc4\X.PagedList.Mvc4.csproj", "{69A84CC5-F6C8-42CC-9295-DC165E9D0016}"
EndProject
Project("{FAE04EC0-301F-11D3-BF4B-00C04F79EFBC}") = "X.PagedList4", "src\X.PagedList4\X.PagedList4.csproj", "{1532C1E2-DFA2-4909-9A63-1FA498BE745D}"
EndProject
Project("{FAE04EC0-301F-11D3-BF4B-00C04F79EFBC}") = "X.PagedList.Tests4", "tests\X.PagedList.Tests4\X.PagedList.Tests4.csproj", "{46EC8E0B-930B-4850-AA0F-60CBFD18B06D}"
EndProject
Global
	GlobalSection(SolutionConfigurationPlatforms) = preSolution
		Debug|Any CPU = Debug|Any CPU
		Release|Any CPU = Release|Any CPU
	EndGlobalSection
	GlobalSection(ProjectConfigurationPlatforms) = postSolution
		{69A84CC5-F6C8-42CC-9295-DC165E9D0016}.Debug|Any CPU.ActiveCfg = Debug|Any CPU
		{69A84CC5-F6C8-42CC-9295-DC165E9D0016}.Debug|Any CPU.Build.0 = Debug|Any CPU
		{69A84CC5-F6C8-42CC-9295-DC165E9D0016}.Release|Any CPU.ActiveCfg = Release|Any CPU
		{69A84CC5-F6C8-42CC-9295-DC165E9D0016}.Release|Any CPU.Build.0 = Release|Any CPU
		{1532C1E2-DFA2-4909-9A63-1FA498BE745D}.Debug|Any CPU.ActiveCfg = Debug|Any CPU
		{1532C1E2-DFA2-4909-9A63-1FA498BE745D}.Debug|Any CPU.Build.0 = Debug|Any CPU
		{1532C1E2-DFA2-4909-9A63-1FA498BE745D}.Release|Any CPU.ActiveCfg = Release|Any CPU
		{1532C1E2-DFA2-4909-9A63-1FA498BE745D}.Release|Any CPU.Build.0 = Release|Any CPU
		{46EC8E0B-930B-4850-AA0F-60CBFD18B06D}.Debug|Any CPU.ActiveCfg = Debug|Any CPU
		{46EC8E0B-930B-4850-AA0F-60CBFD18B06D}.Debug|Any CPU.Build.0 = Debug|Any CPU
		{46EC8E0B-930B-4850-AA0F-60CBFD18B06D}.Release|Any CPU.ActiveCfg = Release|Any CPU
		{46EC8E0B-930B-4850-AA0F-60CBFD18B06D}.Release|Any CPU.Build.0 = Release|Any CPU
	EndGlobalSection
	GlobalSection(SolutionProperties) = preSolution
		HideSolutionNode = FALSE
	EndGlobalSection
	GlobalSection(NestedProjects) = preSolution
		{69A84CC5-F6C8-42CC-9295-DC165E9D0016} = {BDDADD09-D112-418E-8469-BC762EC09936}
		{1532C1E2-DFA2-4909-9A63-1FA498BE745D} = {BDDADD09-D112-418E-8469-BC762EC09936}
		{46EC8E0B-930B-4850-AA0F-60CBFD18B06D} = {0170B742-C624-4C22-9DE1-2A93CF9C12D6}
	EndGlobalSection
	GlobalSection(ExtensibilityGlobals) = postSolution
		SolutionGuid = {1A82D446-6F26-48B2-8085-DFA5F87453FC}
	EndGlobalSection
EndGlobal
